PODS:
  - AppAuth (1.3.1):
    - AppAuth/Core (= 1.3.1)
    - AppAuth/ExternalUserAgent (= 1.3.1)
  - AppAuth/Core (1.3.1)
  - AppAuth/ExternalUserAgent (1.3.1)
  - camera (0.0.1):
    - Flutter
  - connectivity (0.0.1):
    - Flutter
    - Reachability
  - device_info (0.0.1):
    - Flutter
  - DTTJailbreakDetection (0.4.0)
  - flt_telephony_info (0.0.1):
    - Flutter
  - Flutter (1.0.0)
  - flutter_appauth (0.0.1):
    - AppAuth (= 1.3.1)
    - Flutter
  - flutter_inappwebview (0.0.1):
    - Flutter
  - flutter_jailbreak_detection (1.0.0):
    - DTTJailbreakDetection
    - Flutter
  - flutter_local_notifications (0.0.1):
    - Flutter
  - flutter_secure_storage (3.3.1):
    - Flutter
  - fluttertoast (0.0.2):
    - Flutter
    - Toast
  - FMDB (2.7.5):
    - FMDB/standard (= 2.7.5)
  - FMDB/standard (2.7.5)
  - "geolocator (6.0.0+4)":
    - Flutter
  - image_picker (0.0.1):
    - Flutter
  - open_file (0.0.1):
    - Flutter
  - open_mail_app (0.0.1):
    - Flutter
  - package_info (0.0.1):
    - Flutter
  - path_provider (0.0.1):
    - Flutter
  - "permission_handler (5.0.1+1)":
    - Flutter
  - Reachability (3.2)
  - screen (0.0.1):
    - Flutter
  - shared_preferences (0.0.1):
    - Flutter
  - sms_otp_auto_verify (0.0.1):
    - Flutter
  - sqflite (0.0.1):
    - Flutter
    - FMDB (~> 2.7.2)
  - Toast (4.0.0)
  - trust_fall (0.0.1):
    - DTTJailbreakDetection
    - Flutter
  - uni_links (0.0.1):
    - Flutter
  - url_launcher (0.0.1):
    - Flutter
  - video_player (0.0.1):
    - Flutter
  - wakelock (0.0.1):
    - Flutter
  - webview_flutter (0.0.1):
    - Flutter

DEPENDENCIES:
  - camera (from `.symlinks/plugins/camera/ios`)
  - connectivity (from `.symlinks/plugins/connectivity/ios`)
  - device_info (from `.symlinks/plugins/device_info/ios`)
  - flt_telephony_info (from `.symlinks/plugins/flt_telephony_info/ios`)
  - Flutter (from `Flutter`)
  - flutter_appauth (from `.symlinks/plugins/flutter_appauth/ios`)
  - flutter_inappwebview (from `.symlinks/plugins/flutter_inappwebview/ios`)
  - flutter_jailbreak_detection (from `.symlinks/plugins/flutter_jailbreak_detection/ios`)
  - flutter_local_notifications (from `.symlinks/plugins/flutter_local_notifications/ios`)
  - flutter_secure_storage (from `.symlinks/plugins/flutter_secure_storage/ios`)
  - fluttertoast (from `.symlinks/plugins/fluttertoast/ios`)
  - geolocator (from `.symlinks/plugins/geolocator/ios`)
  - image_picker (from `.symlinks/plugins/image_picker/ios`)
  - open_file (from `.symlinks/plugins/open_file/ios`)
  - open_mail_app (from `.symlinks/plugins/open_mail_app/ios`)
  - package_info (from `.symlinks/plugins/package_info/ios`)
  - path_provider (from `.symlinks/plugins/path_provider/ios`)
  - permission_handler (from `.symlinks/plugins/permission_handler/ios`)
  - screen (from `.symlinks/plugins/screen/ios`)
  - shared_preferences (from `.symlinks/plugins/shared_preferences/ios`)
  - sms_otp_auto_verify (from `.symlinks/plugins/sms_otp_auto_verify/ios`)
  - sqflite (from `.symlinks/plugins/sqflite/ios`)
  - trust_fall (from `.symlinks/plugins/trust_fall/ios`)
  - uni_links (from `.symlinks/plugins/uni_links/ios`)
  - url_launcher (from `.symlinks/plugins/url_launcher/ios`)
  - video_player (from `.symlinks/plugins/video_player/ios`)
  - wakelock (from `.symlinks/plugins/wakelock/ios`)
  - webview_flutter (from `.symlinks/plugins/webview_flutter/ios`)

SPEC REPOS:
  trunk:
    - AppAuth
    - DTTJailbreakDetection
    - FMDB
    - Reachability
    - Toast

EXTERNAL SOURCES:
  camera:
    :path: ".symlinks/plugins/camera/ios"
  connectivity:
    :path: ".symlinks/plugins/connectivity/ios"
  device_info:
    :path: ".symlinks/plugins/device_info/ios"
  flt_telephony_info:
    :path: ".symlinks/plugins/flt_telephony_info/ios"
  Flutter:
    :path: Flutter
  flutter_appauth:
    :path: ".symlinks/plugins/flutter_appauth/ios"
  flutter_inappwebview:
    :path: ".symlinks/plugins/flutter_inappwebview/ios"
  flutter_jailbreak_detection:
    :path: ".symlinks/plugins/flutter_jailbreak_detection/ios"
  flutter_local_notifications:
    :path: ".symlinks/plugins/flutter_local_notifications/ios"
  flutter_secure_storage:
    :path: ".symlinks/plugins/flutter_secure_storage/ios"
  fluttertoast:
    :path: ".symlinks/plugins/fluttertoast/ios"
  geolocator:
    :path: ".symlinks/plugins/geolocator/ios"
  image_picker:
    :path: ".symlinks/plugins/image_picker/ios"
  open_file:
    :path: ".symlinks/plugins/open_file/ios"
  open_mail_app:
    :path: ".symlinks/plugins/open_mail_app/ios"
  package_info:
    :path: ".symlinks/plugins/package_info/ios"
  path_provider:
    :path: ".symlinks/plugins/path_provider/ios"
  permission_handler:
    :path: ".symlinks/plugins/permission_handler/ios"
  screen:
    :path: ".symlinks/plugins/screen/ios"
  shared_preferences:
    :path: ".symlinks/plugins/shared_preferences/ios"
  sms_otp_auto_verify:
    :path: ".symlinks/plugins/sms_otp_auto_verify/ios"
  sqflite:
    :path: ".symlinks/plugins/sqflite/ios"
  trust_fall:
    :path: ".symlinks/plugins/trust_fall/ios"
  uni_links:
    :path: ".symlinks/plugins/uni_links/ios"
  url_launcher:
    :path: ".symlinks/plugins/url_launcher/ios"
  video_player:
    :path: ".symlinks/plugins/video_player/ios"
  wakelock:
    :path: ".symlinks/plugins/wakelock/ios"
  webview_flutter:
    :path: ".symlinks/plugins/webview_flutter/ios"

SPEC CHECKSUMS:
  AppAuth: 8803ba1aec6d00d9afd30093f82e600307eaa6ea
  camera: a0ca5080336f7af47b88436e5e26da3dee5568f0
  connectivity: c4130b2985d4ef6fd26f9702e886bd5260681467
  device_info: d7d233b645a32c40dfdc212de5cf646ca482f175
  DTTJailbreakDetection: 5e356c5badc17995f65a83ed9483f787a0057b71
  flt_telephony_info: effecf5e0b0dc252e6022077cca1d473fce831f6
  Flutter: 0e3d915762c693b495b44d77113d4970485de6ec
  flutter_appauth: a6bf9fa3192a14a981475c4cbe3bcebd3b563144
  flutter_inappwebview: 69dfbac46157b336ffbec19ca6dfd4638c7bf189
  flutter_jailbreak_detection: f6c01e4bc73641c6b69c5112e50301240601abb4
  flutter_local_notifications: 0c0b1ae97e741e1521e4c1629a459d04b9aec743
  flutter_secure_storage: 7953c38a04c3fdbb00571bcd87d8e3b5ceb9daec
  fluttertoast: 6122fa75143e992b1d3470f61000f591a798cc58
  FMDB: 2ce00b547f966261cd18927a3ddb07cb6f3db82a
  geolocator: 1ae40084cc6c1586ce5ad12cfc3fd38c64d05f2f
  image_picker: 9c3312491f862b28d21ecd8fdf0ee14e601b3f09
  open_file: 02eb5cb6b21264bd3a696876f5afbfb7ca4f4b7d
  open_mail_app: 794172f6a22cd16319d3ddaf45e945b2f74952b0
  package_info: 873975fc26034f0b863a300ad47e7f1ac6c7ec62
  path_provider: abfe2b5c733d04e238b0d8691db0cfd63a27a93c
  permission_handler: eac8e15b4a1a3fba55b761d19f3f4e6b005d15b6
  Reachability: 33e18b67625424e47b6cde6d202dce689ad7af96
  screen: abd91ca7bf3426e1cc3646d27e9b2358d6bf07b0
  shared_preferences: af6bfa751691cdc24be3045c43ec037377ada40d
  sms_otp_auto_verify: 201803ac25e13feedaae96eda8b70b10c55b3338
  sqflite: 4001a31ff81d210346b500c55b17f4d6c7589dd0
  Toast: 91b396c56ee72a5790816f40d3a94dd357abc196
  trust_fall: 89fc4fbfe2ca9994ffa64185c6cc48225ca0204c
  uni_links: d97da20c7701486ba192624d99bffaaffcfc298a
  url_launcher: 6fef411d543ceb26efce54b05a0a40bfd74cbbef
  video_player: 9cc823b1d9da7e8427ee591e8438bfbcde500e6e
  wakelock: 0d4a70faf8950410735e3f61fb15d517c8a6efc4
  webview_flutter: d2b4d6c66968ad042ad94cbb791f5b72b4678a96

PODFILE CHECKSUM: aafe91acc616949ddb318b77800a7f51bffa2a4c

COCOAPODS: 1.10.0
